// !$*UTF8*$!
{
	archiveVersion = 1;
	classes = {
	};
	objectVersion = 50;
	objects = {

/* Begin PBXBuildFile section */
		404D83DD260F226000164DD5 /* ClubhouseApp.swift in Sources */ = {isa = PBXBuildFile; fileRef = 404D83DC260F226000164DD5 /* ClubhouseApp.swift */; };
		404D83DF260F226000164DD5 /* ContentView.swift in Sources */ = {isa = PBXBuildFile; fileRef = 404D83DE260F226000164DD5 /* ContentView.swift */; };
		404D83E1260F226100164DD5 /* Assets.xcassets in Resources */ = {isa = PBXBuildFile; fileRef = 404D83E0260F226100164DD5 /* Assets.xcassets */; };
		404D83E4260F226100164DD5 /* Preview Assets.xcassets in Resources */ = {isa = PBXBuildFile; fileRef = 404D83E3260F226100164DD5 /* Preview Assets.xcassets */; };
		404D83F5260F22CA00164DD5 /* NunitoSans-Bold.ttf in Resources */ = {isa = PBXBuildFile; fileRef = 404D83F1260F22CA00164DD5 /* NunitoSans-Bold.ttf */; };
		404D83F6260F22CA00164DD5 /* NunitoSans-Regular.ttf in Resources */ = {isa = PBXBuildFile; fileRef = 404D83F2260F22CA00164DD5 /* NunitoSans-Regular.ttf */; };
		404D83F7260F22CA00164DD5 /* NunitoSans-SemiBold.ttf in Resources */ = {isa = PBXBuildFile; fileRef = 404D83F3260F22CA00164DD5 /* NunitoSans-SemiBold.ttf */; };
		404D83F8260F22CA00164DD5 /* NunitoSans-ExtraBold.ttf in Resources */ = {isa = PBXBuildFile; fileRef = 404D83F4260F22CA00164DD5 /* NunitoSans-ExtraBold.ttf */; };
		404D83FD260F23E600164DD5 /* Colors.swift in Sources */ = {isa = PBXBuildFile; fileRef = 404D83FC260F23E600164DD5 /* Colors.swift */; };
		404D8401260F255000164DD5 /* Images.swift in Sources */ = {isa = PBXBuildFile; fileRef = 404D8400260F255000164DD5 /* Images.swift */; };
		404D8404260F28A000164DD5 /* Fonts.swift in Sources */ = {isa = PBXBuildFile; fileRef = 404D8403260F28A000164DD5 /* Fonts.swift */; };
		404D8408260F2B0800164DD5 /* FeedItem.swift in Sources */ = {isa = PBXBuildFile; fileRef = 404D8407260F2B0800164DD5 /* FeedItem.swift */; };
		404D840C260F2B4D00164DD5 /* FeedRoom.swift in Sources */ = {isa = PBXBuildFile; fileRef = 404D840B260F2B4D00164DD5 /* FeedRoom.swift */; };
		40665093260F2F2F00B8BEF1 /* UpcomingRoom.swift in Sources */ = {isa = PBXBuildFile; fileRef = 40665092260F2F2F00B8BEF1 /* UpcomingRoom.swift */; };
		40665098260F318D00B8BEF1 /* RoomViewModel.swift in Sources */ = {isa = PBXBuildFile; fileRef = 40665097260F318D00B8BEF1 /* RoomViewModel.swift */; };
		4066509D260F4FAB00B8BEF1 /* HomeHeaderView.swift in Sources */ = {isa = PBXBuildFile; fileRef = 4066509C260F4FAB00B8BEF1 /* HomeHeaderView.swift */; };
		406650A1260F52FE00B8BEF1 /* UpcomingRoomsView.swift in Sources */ = {isa = PBXBuildFile; fileRef = 406650A0260F52FE00B8BEF1 /* UpcomingRoomsView.swift */; };
		406650A4260F5E1000B8BEF1 /* RoomView.swift in Sources */ = {isa = PBXBuildFile; fileRef = 406650A3260F5E1000B8BEF1 /* RoomView.swift */; };
		406650A7260F6C9A00B8BEF1 /* BottomHomeView.swift in Sources */ = {isa = PBXBuildFile; fileRef = 406650A6260F6C9A00B8BEF1 /* BottomHomeView.swift */; };
/* End PBXBuildFile section */

/* Begin PBXFileReference section */
		404D83D9260F226000164DD5 /* Clubhouse.app */ = {isa = PBXFileReference; explicitFileType = wrapper.application; includeInIndex = 0; path = Clubhouse.app; sourceTree = BUILT_PRODUCTS_DIR; };
		404D83DC260F226000164DD5 /* ClubhouseApp.swift */ = {isa = PBXFileReference; lastKnownFileType = sourcecode.swift; path = ClubhouseApp.swift; sourceTree = "<group>"; };
		404D83DE260F226000164DD5 /* ContentView.swift */ = {isa = PBXFileReference; lastKnownFileType = sourcecode.swift; path = ContentView.swift; sourceTree = "<group>"; };
		404D83E0260F226100164DD5 /* Assets.xcassets */ = {isa = PBXFileReference; lastKnownFileType = folder.assetcatalog; path = Assets.xcassets; sourceTree = "<group>"; };
		404D83E3260F226100164DD5 /* Preview Assets.xcassets */ = {isa = PBXFileReference; lastKnownFileType = folder.assetcatalog; path = "Preview Assets.xcassets"; sourceTree = "<group>"; };
		404D83E5260F226100164DD5 /* Info.plist */ = {isa = PBXFileReference; lastKnownFileType = text.plist.xml; path = Info.plist; sourceTree = "<group>"; };
		404D83F1260F22CA00164DD5 /* NunitoSans-Bold.ttf */ = {isa = PBXFileReference; lastKnownFileType = file; path = "NunitoSans-Bold.ttf"; sourceTree = "<group>"; };
		404D83F2260F22CA00164DD5 /* NunitoSans-Regular.ttf */ = {isa = PBXFileReference; lastKnownFileType = file; path = "NunitoSans-Regular.ttf"; sourceTree = "<group>"; };
		404D83F3260F22CA00164DD5 /* NunitoSans-SemiBold.ttf */ = {isa = PBXFileReference; lastKnownFileType = file; path = "NunitoSans-SemiBold.ttf"; sourceTree = "<group>"; };
		404D83F4260F22CA00164DD5 /* NunitoSans-ExtraBold.ttf */ = {isa = PBXFileReference; lastKnownFileType = file; path = "NunitoSans-ExtraBold.ttf"; sourceTree = "<group>"; };
		404D83FC260F23E600164DD5 /* Colors.swift */ = {isa = PBXFileReference; lastKnownFileType = sourcecode.swift; path = Colors.swift; sourceTree = "<group>"; };
		404D8400260F255000164DD5 /* Images.swift */ = {isa = PBXFileReference; lastKnownFileType = sourcecode.swift; path = Images.swift; sourceTree = "<group>"; };
		404D8403260F28A000164DD5 /* Fonts.swift */ = {isa = PBXFileReference; lastKnownFileType = sourcecode.swift; path = Fonts.swift; sourceTree = "<group>"; };
		404D8407260F2B0800164DD5 /* FeedItem.swift */ = {isa = PBXFileReference; lastKnownFileType = sourcecode.swift; name = FeedItem.swift; path = Clubhouse/FeedItem.swift; sourceTree = SOURCE_ROOT; };
		404D840B260F2B4D00164DD5 /* FeedRoom.swift */ = {isa = PBXFileReference; lastKnownFileType = sourcecode.swift; path = FeedRoom.swift; sourceTree = "<group>"; };
		40665092260F2F2F00B8BEF1 /* UpcomingRoom.swift */ = {isa = PBXFileReference; lastKnownFileType = sourcecode.swift; path = UpcomingRoom.swift; sourceTree = "<group>"; };
		40665097260F318D00B8BEF1 /* RoomViewModel.swift */ = {isa = PBXFileReference; lastKnownFileType = sourcecode.swift; path = RoomViewModel.swift; sourceTree = "<group>"; };
		4066509C260F4FAB00B8BEF1 /* HomeHeaderView.swift */ = {isa = PBXFileReference; lastKnownFileType = sourcecode.swift; path = HomeHeaderView.swift; sourceTree = "<group>"; };
		406650A0260F52FE00B8BEF1 /* UpcomingRoomsView.swift */ = {isa = PBXFileReference; lastKnownFileType = sourcecode.swift; path = UpcomingRoomsView.swift; sourceTree = "<group>"; };
		406650A3260F5E1000B8BEF1 /* RoomView.swift */ = {isa = PBXFileReference; lastKnownFileType = sourcecode.swift; path = RoomView.swift; sourceTree = "<group>"; };
		406650A6260F6C9A00B8BEF1 /* BottomHomeView.swift */ = {isa = PBXFileReference; lastKnownFileType = sourcecode.swift; path = BottomHomeView.swift; sourceTree = "<group>"; };
/* End PBXFileReference section */

/* Begin PBXFrameworksBuildPhase section */
		404D83D6260F226000164DD5 /* Frameworks */ = {
			isa = PBXFrameworksBuildPhase;
			buildActionMask = 2147483647;
			files = (
			);
			runOnlyForDeploymentPostprocessing = 0;
		};
/* End PBXFrameworksBuildPhase section */

/* Begin PBXGroup section */
		404D83D0260F226000164DD5 = {
			isa = PBXGroup;
			children = (
				404D83DB260F226000164DD5 /* Clubhouse */,
				404D83DA260F226000164DD5 /* Products */,
			);
			sourceTree = "<group>";
		};
		404D83DA260F226000164DD5 /* Products */ = {
			isa = PBXGroup;
			children = (
				404D83D9260F226000164DD5 /* Clubhouse.app */,
			);
			name = Products;
			sourceTree = "<group>";
		};
		404D83DB260F226000164DD5 /* Clubhouse */ = {
			isa = PBXGroup;
			children = (
				404D83DC260F226000164DD5 /* ClubhouseApp.swift */,
				404D83DE260F226000164DD5 /* ContentView.swift */,
				404D8406260F2AA600164DD5 /* Model */,
				4066509A260F4F8900B8BEF1 /* Views */,
				40665096260F315600B8BEF1 /* ViewModel */,
				404D83EC260F229000164DD5 /* Resourses */,
				404D83E0260F226100164DD5 /* Assets.xcassets */,
				404D83E5260F226100164DD5 /* Info.plist */,
				404D83E2260F226100164DD5 /* Preview Content */,
			);
			path = Clubhouse;
			sourceTree = "<group>";
		};
		404D83E2260F226100164DD5 /* Preview Content */ = {
			isa = PBXGroup;
			children = (
				404D83E3260F226100164DD5 /* Preview Assets.xcassets */,
			);
			path = "Preview Content";
			sourceTree = "<group>";
		};
		404D83EC260F229000164DD5 /* Resourses */ = {
			isa = PBXGroup;
			children = (
				404D83F0260F22B200164DD5 /* Fonts */,
				404D83FC260F23E600164DD5 /* Colors.swift */,
				404D8400260F255000164DD5 /* Images.swift */,
				404D8403260F28A000164DD5 /* Fonts.swift */,
			);
			path = Resourses;
			sourceTree = "<group>";
		};
		404D83F0260F22B200164DD5 /* Fonts */ = {
			isa = PBXGroup;
			children = (
				404D83F1260F22CA00164DD5 /* NunitoSans-Bold.ttf */,
				404D83F4260F22CA00164DD5 /* NunitoSans-ExtraBold.ttf */,
				404D83F2260F22CA00164DD5 /* NunitoSans-Regular.ttf */,
				404D83F3260F22CA00164DD5 /* NunitoSans-SemiBold.ttf */,
			);
			path = Fonts;
			sourceTree = "<group>";
		};
		404D8406260F2AA600164DD5 /* Model */ = {
			isa = PBXGroup;
			children = (
				404D840B260F2B4D00164DD5 /* FeedRoom.swift */,
				404D8407260F2B0800164DD5 /* FeedItem.swift */,
				40665092260F2F2F00B8BEF1 /* UpcomingRoom.swift */,
			);
			path = Model;
			sourceTree = "<group>";
		};
		40665096260F315600B8BEF1 /* ViewModel */ = {
			isa = PBXGroup;
			children = (
				40665097260F318D00B8BEF1 /* RoomViewModel.swift */,
			);
			path = ViewModel;
			sourceTree = "<group>";
		};
		4066509A260F4F8900B8BEF1 /* Views */ = {
			isa = PBXGroup;
			children = (
				4066509F260F52E000B8BEF1 /* HomeFeeds */,
				4066509B260F4F9700B8BEF1 /* Headers */,
			);
			path = Views;
			sourceTree = "<group>";
		};
		4066509B260F4F9700B8BEF1 /* Headers */ = {
			isa = PBXGroup;
			children = (
				4066509C260F4FAB00B8BEF1 /* HomeHeaderView.swift */,
			);
			path = Headers;
			sourceTree = "<group>";
		};
		4066509F260F52E000B8BEF1 /* HomeFeeds */ = {
			isa = PBXGroup;
			children = (
				406650A0260F52FE00B8BEF1 /* UpcomingRoomsView.swift */,
				406650A3260F5E1000B8BEF1 /* RoomView.swift */,
				406650A6260F6C9A00B8BEF1 /* BottomHomeView.swift */,
			);
			path = HomeFeeds;
			sourceTree = "<group>";
		};
/* End PBXGroup section */

/* Begin PBXNativeTarget section */
		404D83D8260F226000164DD5 /* Clubhouse */ = {
			isa = PBXNativeTarget;
			buildConfigurationList = 404D83E8260F226100164DD5 /* Build configuration list for PBXNativeTarget "Clubhouse" */;
			buildPhases = (
				404D83D5260F226000164DD5 /* Sources */,
				404D83D6260F226000164DD5 /* Frameworks */,
				404D83D7260F226000164DD5 /* Resources */,
			);
			buildRules = (
			);
			dependencies = (
			);
			name = Clubhouse;
			productName = Clubhouse;
			productReference = 404D83D9260F226000164DD5 /* Clubhouse.app */;
			productType = "com.apple.product-type.application";
		};
/* End PBXNativeTarget section */

/* Begin PBXProject section */
		404D83D1260F226000164DD5 /* Project object */ = {
			isa = PBXProject;
			attributes = {
				LastSwiftUpdateCheck = 1240;
				LastUpgradeCheck = 1240;
				TargetAttributes = {
					404D83D8260F226000164DD5 = {
						CreatedOnToolsVersion = 12.4;
					};
				};
			};
			buildConfigurationList = 404D83D4260F226000164DD5 /* Build configuration list for PBXProject "Clubhouse" */;
			compatibilityVersion = "Xcode 9.3";
			developmentRegion = en;
			hasScannedForEncodings = 0;
			knownRegions = (
				en,
				Base,
			);
			mainGroup = 404D83D0260F226000164DD5;
			productRefGroup = 404D83DA260F226000164DD5 /* Products */;
			projectDirPath = "";
			projectRoot = "";
			targets = (
				404D83D8260F226000164DD5 /* Clubhouse */,
			);
		};
/* End PBXProject section */

/* Begin PBXResourcesBuildPhase section */
		404D83D7260F226000164DD5 /* Resources */ = {
			isa = PBXResourcesBuildPhase;
			buildActionMask = 2147483647;
			files = (
				404D83E4260F226100164DD5 /* Preview Assets.xcassets in Resources */,
				404D83F6260F22CA00164DD5 /* NunitoSans-Regular.ttf in Resources */,
				404D83F7260F22CA00164DD5 /* NunitoSans-SemiBold.ttf in Resources */,
				404D83E1260F226100164DD5 /* Assets.xcassets in Resources */,
				404D83F8260F22CA00164DD5 /* NunitoSans-ExtraBold.ttf in Resources */,
				404D83F5260F22CA00164DD5 /* NunitoSans-Bold.ttf in Resources */,
			);
			runOnlyForDeploymentPostprocessing = 0;
		};
/* End PBXResourcesBuildPhase section */

/* Begin PBXSourcesBuildPhase section */
		404D83D5260F226000164DD5 /* Sources */ = {
			isa = PBXSourcesBuildPhase;
			buildActionMask = 2147483647;
			files = (
				404D840C260F2B4D00164DD5 /* FeedRoom.swift in Sources */,
				404D83DF260F226000164DD5 /* ContentView.swift in Sources */,
				404D8408260F2B0800164DD5 /* FeedItem.swift in Sources */,
				404D8404260F28A000164DD5 /* Fonts.swift in Sources */,
				40665098260F318D00B8BEF1 /* RoomViewModel.swift in Sources */,
				406650A7260F6C9A00B8BEF1 /* BottomHomeView.swift in Sources */,
				40665093260F2F2F00B8BEF1 /* UpcomingRoom.swift in Sources */,
				4066509D260F4FAB00B8BEF1 /* HomeHeaderView.swift in Sources */,
				404D8401260F255000164DD5 /* Images.swift in Sources */,
				404D83DD260F226000164DD5 /* ClubhouseApp.swift in Sources */,
				406650A4260F5E1000B8BEF1 /* RoomView.swift in Sources */,
				404D83FD260F23E600164DD5 /* Colors.swift in Sources */,
				406650A1260F52FE00B8BEF1 /* UpcomingRoomsView.swift in Sources */,
			);
			runOnlyForDeploymentPostprocessing = 0;
		};
/* End PBXSourcesBuildPhase section */

/* Begin XCBuildConfiguration section */
		404D83E6260F226100164DD5 /* Debug */ = {
			isa = XCBuildConfiguration;
			buildSettings = {
				ALWAYS_SEARCH_USER_PATHS = NO;
				CLANG_ANALYZER_NONNULL = YES;
				CLANG_ANALYZER_NUMBER_OBJECT_CONVERSION = YES_AGGRESSIVE;
				CLANG_CXX_LANGUAGE_STANDARD = "gnu++14";
				CLANG_CXX_LIBRARY = "libc++";
				CLANG_ENABLE_MODULES = YES;
				CLANG_ENABLE_OBJC_ARC = YES;
				CLANG_ENABLE_OBJC_WEAK = YES;
				CLANG_WARN_BLOCK_CAPTURE_AUTORELEASING = YES;
				CLANG_WARN_BOOL_CONVERSION = YES;
				CLANG_WARN_COMMA = YES;
				CLANG_WARN_CONSTANT_CONVERSION = YES;
				CLANG_WARN_DEPRECATED_OBJC_IMPLEMENTATIONS = YES;
				CLANG_WARN_DIRECT_OBJC_ISA_USAGE = YES_ERROR;
				CLANG_WARN_DOCUMENTATION_COMMENTS = YES;
				CLANG_WARN_EMPTY_BODY = YES;
				CLANG_WARN_ENUM_CONVERSION = YES;
				CLANG_WARN_INFINITE_RECURSION = YES;
				CLANG_WARN_INT_CONVERSION = YES;
				CLANG_WARN_NON_LITERAL_NULL_CONVERSION = YES;
				CLANG_WARN_OBJC_IMPLICIT_RETAIN_SELF = YES;
				CLANG_WARN_OBJC_LITERAL_CONVERSION = YES;
				CLANG_WARN_OBJC_ROOT_CLASS = YES_ERROR;
				CLANG_WARN_QUOTED_INCLUDE_IN_FRAMEWORK_HEADER = YES;
				CLANG_WARN_RANGE_LOOP_ANALYSIS = YES;
				CLANG_WARN_STRICT_PROTOTYPES = YES;
				CLANG_WARN_SUSPICIOUS_MOVE = YES;
				CLANG_WARN_UNGUARDED_AVAILABILITY = YES_AGGRESSIVE;
				CLANG_WARN_UNREACHABLE_CODE = YES;
				CLANG_WARN__DUPLICATE_METHOD_MATCH = YES;
				COPY_PHASE_STRIP = NO;
				DEBUG_INFORMATION_FORMAT = dwarf;
				ENABLE_STRICT_OBJC_MSGSEND = YES;
				ENABLE_TESTABILITY = YES;
				GCC_C_LANGUAGE_STANDARD = gnu11;
				GCC_DYNAMIC_NO_PIC = NO;
				GCC_NO_COMMON_BLOCKS = YES;
				GCC_OPTIMIZATION_LEVEL = 0;
				GCC_PREPROCESSOR_DEFINITIONS = (
					"DEBUG=1",
					"$(inherited)",
				);
				GCC_WARN_64_TO_32_BIT_CONVERSION = YES;
				GCC_WARN_ABOUT_RETURN_TYPE = YES_ERROR;
				GCC_WARN_UNDECLARED_SELECTOR = YES;
				GCC_WARN_UNINITIALIZED_AUTOS = YES_AGGRESSIVE;
				GCC_WARN_UNUSED_FUNCTION = YES;
				GCC_WARN_UNUSED_VARIABLE = YES;
				IPHONEOS_DEPLOYMENT_TARGET = 14.4;
				MTL_ENABLE_DEBUG_INFO = INCLUDE_SOURCE;
				MTL_FAST_MATH = YES;
				ONLY_ACTIVE_ARCH = YES;
				SDKROOT = iphoneos;
				SWIFT_ACTIVE_COMPILATION_CONDITIONS = DEBUG;
				SWIFT_OPTIMIZATION_LEVEL = "-Onone";
			};
			name = Debug;
		};
		404D83E7260F226100164DD5 /* Release */ = {
			isa = XCBuildConfiguration;
			buildSettings = {
				ALWAYS_SEARCH_USER_PATHS = NO;
				CLANG_ANALYZER_NONNULL = YES;
				CLANG_ANALYZER_NUMBER_OBJECT_CONVERSION = YES_AGGRESSIVE;
				CLANG_CXX_LANGUAGE_STANDARD = "gnu++14";
				CLANG_CXX_LIBRARY = "libc++";
				CLANG_ENABLE_MODULES = YES;
				CLANG_ENABLE_OBJC_ARC = YES;
				CLANG_ENABLE_OBJC_WEAK = YES;
				CLANG_WARN_BLOCK_CAPTURE_AUTORELEASING = YES;
				CLANG_WARN_BOOL_CONVERSION = YES;
				CLANG_WARN_COMMA = YES;
				CLANG_WARN_CONSTANT_CONVERSION = YES;
				CLANG_WARN_DEPRECATED_OBJC_IMPLEMENTATIONS = YES;
				CLANG_WARN_DIRECT_OBJC_ISA_USAGE = YES_ERROR;
				CLANG_WARN_DOCUMENTATION_COMMENTS = YES;
				CLANG_WARN_EMPTY_BODY = YES;
				CLANG_WARN_ENUM_CONVERSION = YES;
				CLANG_WARN_INFINITE_RECURSION = YES;
				CLANG_WARN_INT_CONVERSION = YES;
				CLANG_WARN_NON_LITERAL_NULL_CONVERSION = YES;
				CLANG_WARN_OBJC_IMPLICIT_RETAIN_SELF = YES;
				CLANG_WARN_OBJC_LITERAL_CONVERSION = YES;
				CLANG_WARN_OBJC_ROOT_CLASS = YES_ERROR;
				CLANG_WARN_QUOTED_INCLUDE_IN_FRAMEWORK_HEADER = YES;
				CLANG_WARN_RANGE_LOOP_ANALYSIS = YES;
				CLANG_WARN_STRICT_PROTOTYPES = YES;
				CLANG_WARN_SUSPICIOUS_MOVE = YES;
				CLANG_WARN_UNGUARDED_AVAILABILITY = YES_AGGRESSIVE;
				CLANG_WARN_UNREACHABLE_CODE = YES;
				CLANG_WARN__DUPLICATE_METHOD_MATCH = YES;
				COPY_PHASE_STRIP = NO;
				DEBUG_INFORMATION_FORMAT = "dwarf-with-dsym";
				ENABLE_NS_ASSERTIONS = NO;
				ENABLE_STRICT_OBJC_MSGSEND = YES;
				GCC_C_LANGUAGE_STANDARD = gnu11;
				GCC_NO_COMMON_BLOCKS = YES;
				GCC_WARN_64_TO_32_BIT_CONVERSION = YES;
				GCC_WARN_ABOUT_RETURN_TYPE = YES_ERROR;
				GCC_WARN_UNDECLARED_SELECTOR = YES;
				GCC_WARN_UNINITIALIZED_AUTOS = YES_AGGRESSIVE;
				GCC_WARN_UNUSED_FUNCTION = YES;
				GCC_WARN_UNUSED_VARIABLE = YES;
				IPHONEOS_DEPLOYMENT_TARGET = 14.4;
				MTL_ENABLE_DEBUG_INFO = NO;
				MTL_FAST_MATH = YES;
				SDKROOT = iphoneos;
				SWIFT_COMPILATION_MODE = wholemodule;
				SWIFT_OPTIMIZATION_LEVEL = "-O";
				VALIDATE_PRODUCT = YES;
			};
			name = Release;
		};
		404D83E9260F226100164DD5 /* Debug */ = {
			isa = XCBuildConfiguration;
			buildSettings = {
				ASSETCATALOG_COMPILER_APPICON_NAME = AppIcon;
				ASSETCATALOG_COMPILER_GLOBAL_ACCENT_COLOR_NAME = AccentColor;
				CODE_SIGN_STYLE = Automatic;
				DEVELOPMENT_ASSET_PATHS = "\"Clubhouse/Preview Content\"";
				DEVELOPMENT_TEAM = SDJDQ86DG5;
				ENABLE_PREVIEWS = YES;
				INFOPLIST_FILE = Clubhouse/Info.plist;
				IPHONEOS_DEPLOYMENT_TARGET = 14.0;
				LD_RUNPATH_SEARCH_PATHS = (
					"$(inherited)",
					"@executable_path/Frameworks",
				);
				PRODUCT_BUNDLE_IDENTIFIER = com.sheikhbayazid.Clubhouse;
				PRODUCT_NAME = "$(TARGET_NAME)";
				SWIFT_VERSION = 5.0;
				TARGETED_DEVICE_FAMILY = "1,2";
			};
			name = Debug;
		};
		404D83EA260F226100164DD5 /* Release */ = {
			isa = XCBuildConfiguration;
			buildSettings = {
				ASSETCATALOG_COMPILER_APPICON_NAME = AppIcon;
				ASSETCATALOG_COMPILER_GLOBAL_ACCENT_COLOR_NAME = AccentColor;
				CODE_SIGN_STYLE = Automatic;
				DEVELOPMENT_ASSET_PATHS = "\"Clubhouse/Preview Content\"";
				DEVELOPMENT_TEAM = SDJDQ86DG5;
				ENABLE_PREVIEWS = YES;
				INFOPLIST_FILE = Clubhouse/Info.plist;
				IPHONEOS_DEPLOYMENT_TARGET = 14.0;
				LD_RUNPATH_SEARCH_PATHS = (
					"$(inherited)",
					"@executable_path/Frameworks",
				);
				PRODUCT_BUNDLE_IDENTIFIER = com.sheikhbayazid.Clubhouse;
				PRODUCT_NAME = "$(TARGET_NAME)";
				SWIFT_VERSION = 5.0;
				TARGETED_DEVICE_FAMILY = "1,2";
			};
			name = Release;
		};
/* End XCBuildConfiguration section */

/* Begin XCConfigurationList section */
		404D83D4260F226000164DD5 /* Build configuration list for PBXProject "Clubhouse" */ = {
			isa = XCConfigurationList;
			buildConfigurations = (
				404D83E6260F226100164DD5 /* Debug */,
				404D83E7260F226100164DD5 /* Release */,
			);
			defaultConfigurationIsVisible = 0;
			defaultConfigurationName = Release;
		};
		404D83E8260F226100164DD5 /* Build configuration list for PBXNativeTarget "Clubhouse" */ = {
			isa = XCConfigurationList;
			buildConfigurations = (
				404D83E9260F226100164DD5 /* Debug */,
				404D83EA260F226100164DD5 /* Release */,
			);
			defaultConfigurationIsVisible = 0;
			defaultConfigurationName = Release;
		};
/* End XCConfigurationList section */
	};
	rootObject = 404D83D1260F226000164DD5 /* Project object */;
}
